// !$*UTF8*$!
{
	archiveVersion = 1;
	classes = {
	};
	objectVersion = 46;
	objects = {
		1BDB2035EB14DAE413197AE9 = {
			isa = PBXBuildFile;
			fileRef = 1624A8F53B0014C310B0FCD6;
		};
		B7852A4EEDD75AAC1DC09496 = {
			isa = PBXBuildFile;
			fileRef = E2ADE877D056FF011D48C4E4;
		};
		A827CC64E7EE50C857FE4329 = {
			isa = PBXBuildFile;
			fileRef = FC26AEFB679FBABF282E4517;
		};
		B64D1BA53454FEF3023AE031 = {
			isa = PBXBuildFile;
			fileRef = AF10E8F3F1A6003FCECE89EC;
		};
		7F3FB0CB88321EB4B696A014 = {
			isa = PBXBuildFile;
			fileRef = A0AEB216231AC9682D6B77FB;
		};
		9727709C1981BD064043676C = {
			isa = PBXBuildFile;
			fileRef = 09A0D5A76B97345A45B7CC3C;
		};
		95272D1694E33A43EC0B1E30 = {
			isa = PBXBuildFile;
			fileRef = 411A159C2C65E07646323A1E;
		};
		DA728BE17B7568E1CD7FE957 = {
			isa = PBXBuildFile;
			fileRef = 9593B362B5F64253EA079A96;
		};
		8B3F8F0B8E1107F87690ED38 = {
			isa = PBXBuildFile;
			fileRef = 6F19A8140C78D5C0010300D1;
		};
		B8422C06E774CFEA27728F8E = {
			isa = PBXBuildFile;
			fileRef = 6624626EAA6E4C8FC55DA2B4;
		};
		F8563D0096AA0E52648EBF31 = {
			isa = PBXBuildFile;
			fileRef = CB18D7F603CB988049D6E21D;
		};
		3A556103F078FB967CF2E4C5 = {
			isa = PBXBuildFile;
			fileRef = 7C5470135D55C700285D964B;
		};
		1664E2671C69C4CB83EF9BDC = {
			isa = PBXBuildFile;
			fileRef = 3D0D726A65EE4B8987C1E762;
		};
		CA1CB1874081E98C0A5E1C0A = {
			isa = PBXBuildFile;
			fileRef = 25A53E38F0288256BD6C165E;
		};
		A6C29CC4447DA36126170444 = {
			isa = PBXBuildFile;
			fileRef = 427CAA5D5CA6F67B8169E4D7;
		};
		4EBA5EE0E3CFB938334E8EB2 = {
			isa = PBXBuildFile;
			fileRef = 832C530B5231ED5777C703AF;
		};
		F8D5453BD294C89E7A77DDCC = {
			isa = PBXBuildFile;
			fileRef = 6CDAE65FF7431D861E8E029B;
		};
		147D3BD6F855881298371FD9 = {
			isa = PBXBuildFile;
			fileRef = 86322E329A41C0F3C74B6EE8;
		};
		7784F12FD5B8B014D122AB69 = {
			isa = PBXBuildFile;
			fileRef = D5C0E8ED952495FF3CF3DB9B;
		};
		AA1ED20FCD047378C37F965A = {
			isa = PBXBuildFile;
			fileRef = 6170F7B1EC563A7ADFFDE5E9;
		};
		7BD888C3A2146A38E2CCDF8B = {
			isa = PBXBuildFile;
			fileRef = 22562485BD3C0746533A0FF1;
		};
		52380C29DEF82A8823E8613F = {
			isa = PBXBuildFile;
			fileRef = 9BEB2EB999FE5E04CE63D78F;
		};
		FD056ADC8C8A6D03890F7CB3 = {
			isa = PBXBuildFile;
			fileRef = 299A20C50F0582C431F09E97;
		};
		F1D89C687B5789BDBA80A576 = {
			isa = PBXBuildFile;
			fileRef = 3099F6FCA2F2DB498E38C349;
		};
		CD64981F341B9658FD4F55DC = {
			isa = PBXBuildFile;
			fileRef = 62AA2362CCAE2BDEA70CDAB2;
		};
		AE0C4882194EDB96BD959D60 = {
			isa = PBXBuildFile;
			fileRef = 4BF597324E3A455B28683FCD;
		};
		091FBD7DD354E9668766E2FD = {
			isa = PBXBuildFile;
			fileRef = C5ECFA4E4BDA21DB7E77C78B;
		};
		6E1E5E4C0B06BE2225434405 = {
			isa = PBXBuildFile;
			fileRef = 8F12FC051EA28D3BB17C937C;
		};
		00B98269A8DCF4ABB6BC67F0 = {
			isa = PBXBuildFile;
			fileRef = 21D00B96069930C419349C2E;
		};
		03DD1364141A6FC7186C7E73 = {
			isa = PBXFileReference;
			lastKnownFileType = sourcecode.c.h;
			name = AppConfig.h;
			path = ../../JuceLibraryCode/AppConfig.h;
			sourceTree = "SOURCE_ROOT";
		};
		09A0D5A76B97345A45B7CC3C = {
			isa = PBXFileReference;
			lastKnownFileType = wrapper.framework;
			name = CoreAudio.framework;
			path = System/Library/Frameworks/CoreAudio.framework;
			sourceTree = SDKROOT;
		};
		1624A8F53B0014C310B0FCD6 = {
			isa = PBXFileReference;
			explicitFileType = wrapper.application;
			includeInIndex = 0;
			path = FlipBench.app;
			sourceTree = "BUILT_PRODUCTS_DIR";
		};
		21070E2796D3E01A150B4778 = {
			isa = PBXFileReference;
			lastKnownFileType = file;
			name = "juce_opengl";
			path = "~/JUCE/modules/juce_opengl";
			sourceTree = "<absolute>";
		};
		21D00B96069930C419349C2E = {
			isa = PBXFileReference;
			lastKnownFileType = sourcecode.cpp.objcpp;
			name = "include_juce_opengl.mm";
			path = "../../JuceLibraryCode/include_juce_opengl.mm";
			sourceTree = "SOURCE_ROOT";
		};
		22562485BD3C0746533A0FF1 = {
			isa = PBXFileReference;
			lastKnownFileType = sourcecode.cpp.objcpp;
			name = "include_juce_audio_utils.mm";
			path = "../../JuceLibraryCode/include_juce_audio_utils.mm";
			sourceTree = "SOURCE_ROOT";
		};
		25A53E38F0288256BD6C165E = {
			isa = PBXFileReference;
			lastKnownFileType = file.nib;
			name = RecentFilesMenuTemplate.nib;
			path = RecentFilesMenuTemplate.nib;
			sourceTree = "SOURCE_ROOT";
		};
		289CCD599CEB35F6FF499CA0 = {
			isa = PBXFileReference;
			lastKnownFileType = sourcecode.c.h;
			name = JuceHeader.h;
			path = ../../JuceLibraryCode/JuceHeader.h;
			sourceTree = "SOURCE_ROOT";
		};
		299A20C50F0582C431F09E97 = {
			isa = PBXFileReference;
			lastKnownFileType = sourcecode.cpp.objcpp;
			name = "include_juce_cryptography.mm";
			path = "../../JuceLibraryCode/include_juce_cryptography.mm";
			sourceTree = "SOURCE_ROOT";
		};
		3099F6FCA2F2DB498E38C349 = {
			isa = PBXFileReference;
			lastKnownFileType = sourcecode.cpp.objcpp;
			name = "include_juce_data_structures.mm";
			path = "../../JuceLibraryCode/include_juce_data_structures.mm";
			sourceTree = "SOURCE_ROOT";
		};
		3D0D726A65EE4B8987C1E762 = {
			isa = PBXFileReference;
			lastKnownFileType = wrapper.framework;
			name = WebKit.framework;
			path = System/Library/Frameworks/WebKit.framework;
			sourceTree = SDKROOT;
		};
		411A159C2C65E07646323A1E = {
			isa = PBXFileReference;
			lastKnownFileType = wrapper.framework;
			name = CoreAudioKit.framework;
			path = System/Library/Frameworks/CoreAudioKit.framework;
			sourceTree = SDKROOT;
		};
		427CAA5D5CA6F67B8169E4D7 = {
			isa = PBXFileReference;
			lastKnownFileType = sourcecode.cpp.cpp;
			name = MainComponent.cpp;
			path = ../../Source/MainComponent.cpp;
			sourceTree = "SOURCE_ROOT";
		};
		49F48007BDD3474FD5E0A66F = {
			isa = PBXFileReference;
			lastKnownFileType = file;
			name = "juce_graphics";
			path = "~/JUCE/modules/juce_graphics";
			sourceTree = "<absolute>";
		};
		4BF597324E3A455B28683FCD = {
			isa = PBXFileReference;
			lastKnownFileType = sourcecode.cpp.objcpp;
			name = "include_juce_graphics.mm";
			path = "../../JuceLibraryCode/include_juce_graphics.mm";
			sourceTree = "SOURCE_ROOT";
		};
		4F578C5AC5B7AA0C70095356 = {
			isa = PBXFileReference;
			lastKnownFileType = file;
			name = "juce_audio_processors";
			path = "~/JUCE/modules/juce_audio_processors";
			sourceTree = "<absolute>";
		};
		506953F5E3FB527D93BE0C99 = {
			isa = PBXFileReference;
			lastKnownFileType = file;
			name = "juce_audio_basics";
			path = "~/JUCE/modules/juce_audio_basics";
			sourceTree = "<absolute>";
		};
		5DF802510E793B218E0EDD44 = {
			isa = PBXFileReference;
			lastKnownFileType = file;
			name = "juce_gui_basics";
			path = "~/JUCE/modules/juce_gui_basics";
			sourceTree = "<absolute>";
		};
		5F105A048F084479C9C2974F = {
			isa = PBXFileReference;
			lastKnownFileType = file;
			name = "juce_data_structures";
			path = "~/JUCE/modules/juce_data_structures";
			sourceTree = "<absolute>";
		};
		6170F7B1EC563A7ADFFDE5E9 = {
			isa = PBXFileReference;
			lastKnownFileType = sourcecode.cpp.objcpp;
			name = "include_juce_audio_processors.mm";
			path = "../../JuceLibraryCode/include_juce_audio_processors.mm";
			sourceTree = "SOURCE_ROOT";
		};
		62AA2362CCAE2BDEA70CDAB2 = {
			isa = PBXFileReference;
			lastKnownFileType = sourcecode.cpp.objcpp;
			name = "include_juce_events.mm";
			path = "../../JuceLibraryCode/include_juce_events.mm";
			sourceTree = "SOURCE_ROOT";
		};
		6624626EAA6E4C8FC55DA2B4 = {
			isa = PBXFileReference;
			lastKnownFileType = wrapper.framework;
			name = IOKit.framework;
			path = System/Library/Frameworks/IOKit.framework;
			sourceTree = SDKROOT;
		};
		6BCCF00BE023C43E32FAC2C0 = {
			isa = PBXFileReference;
			lastKnownFileType = file;
			name = "juce_audio_devices";
			path = "~/JUCE/modules/juce_audio_devices";
			sourceTree = "<absolute>";
		};
		6CDAE65FF7431D861E8E029B = {
			isa = PBXFileReference;
			lastKnownFileType = sourcecode.cpp.objcpp;
			name = "include_juce_audio_basics.mm";
			path = "../../JuceLibraryCode/include_juce_audio_basics.mm";
			sourceTree = "SOURCE_ROOT";
		};
		6F19A8140C78D5C0010300D1 = {
			isa = PBXFileReference;
			lastKnownFileType = wrapper.framework;
			name = DiscRecording.framework;
			path = System/Library/Frameworks/DiscRecording.framework;
			sourceTree = SDKROOT;
		};
		7C5470135D55C700285D964B = {
			isa = PBXFileReference;
			lastKnownFileType = wrapper.framework;
			name = QuartzCore.framework;
			path = System/Library/Frameworks/QuartzCore.framework;
			sourceTree = SDKROOT;
		};
		832C530B5231ED5777C703AF = {
			isa = PBXFileReference;
			lastKnownFileType = sourcecode.cpp.cpp;
			name = Main.cpp;
			path = ../../Source/Main.cpp;
			sourceTree = "SOURCE_ROOT";
		};
		86322E329A41C0F3C74B6EE8 = {
			isa = PBXFileReference;
			lastKnownFileType = sourcecode.cpp.objcpp;
			name = "include_juce_audio_devices.mm";
			path = "../../JuceLibraryCode/include_juce_audio_devices.mm";
			sourceTree = "SOURCE_ROOT";
		};
		8F12FC051EA28D3BB17C937C = {
			isa = PBXFileReference;
			lastKnownFileType = sourcecode.cpp.objcpp;
			name = "include_juce_gui_extra.mm";
			path = "../../JuceLibraryCode/include_juce_gui_extra.mm";
			sourceTree = "SOURCE_ROOT";
		};
		94959FE2C0B7423B5F9951B3 = {
			isa = PBXFileReference;
			lastKnownFileType = text.plist.xml;
			name = "Info-App.plist";
			path = "Info-App.plist";
			sourceTree = "SOURCE_ROOT";
		};
		9593B362B5F64253EA079A96 = {
			isa = PBXFileReference;
			lastKnownFileType = wrapper.framework;
			name = CoreMIDI.framework;
			path = System/Library/Frameworks/CoreMIDI.framework;
			sourceTree = SDKROOT;
		};
		9925E5CD1B22D4B11B111A7F = {
			isa = PBXFileReference;
			lastKnownFileType = file;
			name = "juce_core";
			path = "~/JUCE/modules/juce_core";
			sourceTree = "<absolute>";
		};
		9BEB2EB999FE5E04CE63D78F = {
			isa = PBXFileReference;
			lastKnownFileType = sourcecode.cpp.objcpp;
			name = "include_juce_core.mm";
			path = "../../JuceLibraryCode/include_juce_core.mm";
			sourceTree = "SOURCE_ROOT";
		};
		A0AEB216231AC9682D6B77FB = {
			isa = PBXFileReference;
			lastKnownFileType = wrapper.framework;
			name = Cocoa.framework;
			path = System/Library/Frameworks/Cocoa.framework;
			sourceTree = SDKROOT;
		};
		AF10E8F3F1A6003FCECE89EC = {
			isa = PBXFileReference;
			lastKnownFileType = wrapper.framework;
			name = Carbon.framework;
			path = System/Library/Frameworks/Carbon.framework;
			sourceTree = SDKROOT;
		};
		B356BF371FC6BA3C2A0E1777 = {
			isa = PBXFileReference;
			lastKnownFileType = file;
			name = "juce_events";
			path = "~/JUCE/modules/juce_events";
			sourceTree = "<absolute>";
		};
		C177501099A335FD8A575C9E = {
			isa = PBXFileReference;
			lastKnownFileType = file;
			name = "juce_audio_formats";
			path = "~/JUCE/modules/juce_audio_formats";
			sourceTree = "<absolute>";
		};
		C38DEC55CF03B7EBD8D3CC7A = {
			isa = PBXFileReference;
			lastKnownFileType = file;
			name = "juce_gui_extra";
			path = "~/JUCE/modules/juce_gui_extra";
			sourceTree = "<absolute>";
		};
		C5ECFA4E4BDA21DB7E77C78B = {
			isa = PBXFileReference;
			lastKnownFileType = sourcecode.cpp.objcpp;
			name = "include_juce_gui_basics.mm";
			path = "../../JuceLibraryCode/include_juce_gui_basics.mm";
			sourceTree = "SOURCE_ROOT";
		};
		CB18D7F603CB988049D6E21D = {
			isa = PBXFileReference;
			lastKnownFileType = wrapper.framework;
			name = OpenGL.framework;
			path = System/Library/Frameworks/OpenGL.framework;
			sourceTree = SDKROOT;
		};
		D5C0E8ED952495FF3CF3DB9B = {
			isa = PBXFileReference;
			lastKnownFileType = sourcecode.cpp.objcpp;
			name = "include_juce_audio_formats.mm";
			path = "../../JuceLibraryCode/include_juce_audio_formats.mm";
			sourceTree = "SOURCE_ROOT";
		};
		DB12265A2CA79193CE8F58C8 = {
			isa = PBXFileReference;
			lastKnownFileType = file;
			name = "juce_audio_utils";
			path = "~/JUCE/modules/juce_audio_utils";
			sourceTree = "<absolute>";
		};
		E2ADE877D056FF011D48C4E4 = {
			isa = PBXFileReference;
			lastKnownFileType = wrapper.framework;
			name = Accelerate.framework;
			path = System/Library/Frameworks/Accelerate.framework;
			sourceTree = SDKROOT;
		};
		F71BC8AB20FA5F57566BA1A9 = {
			isa = PBXFileReference;
			lastKnownFileType = file;
			name = "juce_cryptography";
			path = "~/JUCE/modules/juce_cryptography";
			sourceTree = "<absolute>";
		};
		F85AB534D8E81E3052F248F2 = {
			isa = PBXFileReference;
			lastKnownFileType = sourcecode.c.h;
			name = MainComponent.h;
			path = ../../Source/MainComponent.h;
			sourceTree = "SOURCE_ROOT";
		};
		FC26AEFB679FBABF282E4517 = {
			isa = PBXFileReference;
			lastKnownFileType = wrapper.framework;
			name = AudioToolbox.framework;
			path = System/Library/Frameworks/AudioToolbox.framework;
			sourceTree = SDKROOT;
		};
		738E0DF07AE23CE750664115 = {
			isa = PBXGroup;
			children = (
				F85AB534D8E81E3052F248F2,
				427CAA5D5CA6F67B8169E4D7,
				832C530B5231ED5777C703AF,
			);
			name = Source;
			sourceTree = "<group>";
		};
		FE26A20FF8A892BF12F2D73A = {
			isa = PBXGroup;
			children = (
				738E0DF07AE23CE750664115,
			);
			name = FlipBench;
			sourceTree = "<group>";
		};
		5283CD58F4082C4847E0588E = {
			isa = PBXGroup;
			children = (
				506953F5E3FB527D93BE0C99,
				6BCCF00BE023C43E32FAC2C0,
				C177501099A335FD8A575C9E,
				4F578C5AC5B7AA0C70095356,
				DB12265A2CA79193CE8F58C8,
				9925E5CD1B22D4B11B111A7F,
				F71BC8AB20FA5F57566BA1A9,
				5F105A048F084479C9C2974F,
				B356BF371FC6BA3C2A0E1777,
				49F48007BDD3474FD5E0A66F,
				5DF802510E793B218E0EDD44,
				C38DEC55CF03B7EBD8D3CC7A,
				21070E2796D3E01A150B4778,
			);
			name = "JUCE Modules";
			sourceTree = "<group>";
		};
		158C14ED0284DFCFDE141549 = {
			isa = PBXGroup;
			children = (
				03DD1364141A6FC7186C7E73,
				6CDAE65FF7431D861E8E029B,
				86322E329A41C0F3C74B6EE8,
				D5C0E8ED952495FF3CF3DB9B,
				6170F7B1EC563A7ADFFDE5E9,
				22562485BD3C0746533A0FF1,
				9BEB2EB999FE5E04CE63D78F,
				299A20C50F0582C431F09E97,
				3099F6FCA2F2DB498E38C349,
				62AA2362CCAE2BDEA70CDAB2,
				4BF597324E3A455B28683FCD,
				C5ECFA4E4BDA21DB7E77C78B,
				8F12FC051EA28D3BB17C937C,
				21D00B96069930C419349C2E,
				289CCD599CEB35F6FF499CA0,
			);
			name = "JUCE Library Code";
			sourceTree = "<group>";
		};
		B61459376D942FF42CB8683C = {
			isa = PBXGroup;
			children = (
				94959FE2C0B7423B5F9951B3,
				25A53E38F0288256BD6C165E,
			);
			name = Resources;
			sourceTree = "<group>";
		};
		3F246BFD2A53AA62CF2F9BBD = {
			isa = PBXGroup;
			children = (
				E2ADE877D056FF011D48C4E4,
				FC26AEFB679FBABF282E4517,
				AF10E8F3F1A6003FCECE89EC,
				A0AEB216231AC9682D6B77FB,
				09A0D5A76B97345A45B7CC3C,
				411A159C2C65E07646323A1E,
				9593B362B5F64253EA079A96,
				6F19A8140C78D5C0010300D1,
				6624626EAA6E4C8FC55DA2B4,
				CB18D7F603CB988049D6E21D,
				7C5470135D55C700285D964B,
				3D0D726A65EE4B8987C1E762,
			);
			name = Frameworks;
			sourceTree = "<group>";
		};
		B7F08F925EEB563B17BF09CA = {
			isa = PBXGroup;
			children = (
				1624A8F53B0014C310B0FCD6,
			);
			name = Products;
			sourceTree = "<group>";
		};
		494F31528A1CD67AE99D24E4 = {
			isa = PBXGroup;
			children = (
				FE26A20FF8A892BF12F2D73A,
				5283CD58F4082C4847E0588E,
				158C14ED0284DFCFDE141549,
				B61459376D942FF42CB8683C,
				3F246BFD2A53AA62CF2F9BBD,
				B7F08F925EEB563B17BF09CA,
			);
			name = Source;
			sourceTree = "<group>";
		};
		8641AB9A159F4042AF83968D = {
			isa = XCBuildConfiguration;
			buildSettings = {
				CLANG_CXX_LANGUAGE_STANDARD = "c++14";
				CLANG_CXX_LIBRARY = "libc++";
				CLANG_LINK_OBJC_RUNTIME = NO;
				CODE_SIGN_IDENTITY = "";
				COMBINE_HIDPI_IMAGES = YES;
				CONFIGURATION_BUILD_DIR = "$(PROJECT_DIR)/build/$(CONFIGURATION)";
				COPY_PHASE_STRIP = NO;
				GCC_DYNAMIC_NO_PIC = NO;
				GCC_OPTIMIZATION_LEVEL = 0;
				GCC_PREPROCESSOR_DEFINITIONS = (
					"_DEBUG=1",
					"DEBUG=1",
					"JUCER_XCODE_MAC_F6D2F4CF=1",
					"JUCE_APP_VERSION=1.0.0",
					"JUCE_APP_VERSION_HEX=0x10000",
					"JucePlugin_Build_VST=0",
					"JucePlugin_Build_VST3=0",
					"JucePlugin_Build_AU=0",
					"JucePlugin_Build_AUv3=0",
					"JucePlugin_Build_RTAS=0",
					"JucePlugin_Build_AAX=0",
					"JucePlugin_Build_Standalone=0",
					"JucePlugin_Build_Unity=0",
				);
				GCC_VERSION = com.apple.compilers.llvm.clang.1_0;
				HEADER_SEARCH_PATHS = (
					"../../JuceLibraryCode",
					"$(HOME)/JUCE/modules",
					"$(inherited)",
				);
				INFOPLIST_FILE = Info-App.plist;
				INFOPLIST_PREPROCESS = NO;
				INSTALL_PATH = "$(HOME)/Applications";
				MACOSX_DEPLOYMENT_TARGET = 10.11;
				PRODUCT_BUNDLE_IDENTIFIER = com.yourcompany.FlipBench;
				PRODUCT_NAME = "FlipBench";
				USE_HEADERMAP = NO;
			};
			name = Debug;
		};
		6DC933AAC06057874A8BA7AA = {
			isa = XCBuildConfiguration;
			buildSettings = {
				CLANG_CXX_LANGUAGE_STANDARD = "c++14";
				CLANG_CXX_LIBRARY = "libc++";
				CLANG_LINK_OBJC_RUNTIME = NO;
				CODE_SIGN_IDENTITY = "";
				COMBINE_HIDPI_IMAGES = YES;
				CONFIGURATION_BUILD_DIR = "$(PROJECT_DIR)/build/$(CONFIGURATION)";
				DEAD_CODE_STRIPPING = YES;
				GCC_GENERATE_DEBUGGING_SYMBOLS = NO;
				GCC_OPTIMIZATION_LEVEL = 3;
				GCC_PREPROCESSOR_DEFINITIONS = (
					"_NDEBUG=1",
					"NDEBUG=1",
					"JUCER_XCODE_MAC_F6D2F4CF=1",
					"JUCE_APP_VERSION=1.0.0",
					"JUCE_APP_VERSION_HEX=0x10000",
					"JucePlugin_Build_VST=0",
					"JucePlugin_Build_VST3=0",
					"JucePlugin_Build_AU=0",
					"JucePlugin_Build_AUv3=0",
					"JucePlugin_Build_RTAS=0",
					"JucePlugin_Build_AAX=0",
					"JucePlugin_Build_Standalone=0",
					"JucePlugin_Build_Unity=0",
				);
				GCC_SYMBOLS_PRIVATE_EXTERN = YES;
				GCC_VERSION = com.apple.compilers.llvm.clang.1_0;
				HEADER_SEARCH_PATHS = (
					"../../JuceLibraryCode",
					"$(HOME)/JUCE/modules",
					"$(inherited)",
				);
				INFOPLIST_FILE = Info-App.plist;
				INFOPLIST_PREPROCESS = NO;
				INSTALL_PATH = "$(HOME)/Applications";
				LLVM_LTO = YES;
				MACOSX_DEPLOYMENT_TARGET = 10.11;
				PRODUCT_BUNDLE_IDENTIFIER = com.yourcompany.FlipBench;
				PRODUCT_NAME = "FlipBench";
				USE_HEADERMAP = NO;
			};
			name = Release;
		};
		CCFA8000CCCE1424C058864D = {
			isa = XCBuildConfiguration;
			buildSettings = {
				ALWAYS_SEARCH_USER_PATHS = NO;
				CLANG_ENABLE_OBJC_WEAK = YES;
				CLANG_WARN_BLOCK_CAPTURE_AUTORELEASING = YES;
				CLANG_WARN_BOOL_CONVERSION = YES;
				CLANG_WARN_COMMA = YES;
				CLANG_WARN_CONSTANT_CONVERSION = YES;
				CLANG_WARN_DEPRECATED_OBJC_IMPLEMENTATIONS = YES;
				CLANG_WARN_EMPTY_BODY = YES;
				CLANG_WARN_ENUM_CONVERSION = YES;
				CLANG_WARN_INFINITE_RECURSION = YES;
				CLANG_WARN_INT_CONVERSION = YES;
				CLANG_WARN_NON_LITERAL_NULL_CONVERSION = YES;
				CLANG_WARN_OBJC_IMPLICIT_RETAIN_SELF = YES;
				CLANG_WARN_OBJC_LITERAL_CONVERSION = YES;
				CLANG_WARN_RANGE_LOOP_ANALYSIS = YES;
				CLANG_WARN_STRICT_PROTOTYPES = YES;
				CLANG_WARN_SUSPICIOUS_MOVE = YES;
				CLANG_WARN_UNREACHABLE_CODE = YES;
				CLANG_WARN__DUPLICATE_METHOD_MATCH = YES;
				CODE_SIGN_IDENTITY = "";
				DEBUG_INFORMATION_FORMAT = dwarf;
				ENABLE_STRICT_OBJC_MSGSEND = YES;
				ENABLE_TESTABILITY = YES;
				GCC_C_LANGUAGE_STANDARD = c11;
				GCC_INLINES_ARE_PRIVATE_EXTERN = YES;
				GCC_MODEL_TUNING = G5;
				GCC_NO_COMMON_BLOCKS = YES;
				GCC_WARN_64_TO_32_BIT_CONVERSION = YES;
				GCC_WARN_ABOUT_RETURN_TYPE = YES;
				GCC_WARN_CHECK_SWITCH_STATEMENTS = YES;
				GCC_WARN_MISSING_PARENTHESES = YES;
				GCC_WARN_NON_VIRTUAL_DESTRUCTOR = YES;
				GCC_WARN_TYPECHECK_CALLS_TO_PRINTF = YES;
				GCC_WARN_UNDECLARED_SELECTOR = YES;
				GCC_WARN_UNINITIALIZED_AUTOS = YES;
				GCC_WARN_UNUSED_FUNCTION = YES;
				GCC_WARN_UNUSED_VARIABLE = YES;
				ONLY_ACTIVE_ARCH = YES;
				PRODUCT_NAME = "FlipBench";
				SDKROOT = macosx;
				WARNING_CFLAGS = "-Wreorder";
				ZERO_LINK = NO;
			};
			name = Debug;
		};
		BAE9DA0E676B0D4CCAD62BA1 = {
			isa = XCBuildConfiguration;
			buildSettings = {
				ALWAYS_SEARCH_USER_PATHS = NO;
				CLANG_ENABLE_OBJC_WEAK = YES;
				CLANG_WARN_BLOCK_CAPTURE_AUTORELEASING = YES;
				CLANG_WARN_BOOL_CONVERSION = YES;
				CLANG_WARN_COMMA = YES;
				CLANG_WARN_CONSTANT_CONVERSION = YES;
				CLANG_WARN_DEPRECATED_OBJC_IMPLEMENTATIONS = YES;
				CLANG_WARN_EMPTY_BODY = YES;
				CLANG_WARN_ENUM_CONVERSION = YES;
				CLANG_WARN_INFINITE_RECURSION = YES;
				CLANG_WARN_INT_CONVERSION = YES;
				CLANG_WARN_NON_LITERAL_NULL_CONVERSION = YES;
				CLANG_WARN_OBJC_IMPLICIT_RETAIN_SELF = YES;
				CLANG_WARN_OBJC_LITERAL_CONVERSION = YES;
				CLANG_WARN_RANGE_LOOP_ANALYSIS = YES;
				CLANG_WARN_STRICT_PROTOTYPES = YES;
				CLANG_WARN_SUSPICIOUS_MOVE = YES;
				CLANG_WARN_UNREACHABLE_CODE = YES;
				CLANG_WARN__DUPLICATE_METHOD_MATCH = YES;
				CODE_SIGN_IDENTITY = "";
				DEBUG_INFORMATION_FORMAT = dwarf;
				ENABLE_STRICT_OBJC_MSGSEND = YES;
				GCC_C_LANGUAGE_STANDARD = c11;
				GCC_INLINES_ARE_PRIVATE_EXTERN = YES;
				GCC_MODEL_TUNING = G5;
				GCC_NO_COMMON_BLOCKS = YES;
				GCC_WARN_64_TO_32_BIT_CONVERSION = YES;
				GCC_WARN_ABOUT_RETURN_TYPE = YES;
				GCC_WARN_CHECK_SWITCH_STATEMENTS = YES;
				GCC_WARN_MISSING_PARENTHESES = YES;
				GCC_WARN_NON_VIRTUAL_DESTRUCTOR = YES;
				GCC_WARN_TYPECHECK_CALLS_TO_PRINTF = YES;
				GCC_WARN_UNDECLARED_SELECTOR = YES;
				GCC_WARN_UNINITIALIZED_AUTOS = YES;
				GCC_WARN_UNUSED_FUNCTION = YES;
				GCC_WARN_UNUSED_VARIABLE = YES;
				PRODUCT_NAME = "FlipBench";
				SDKROOT = macosx;
				WARNING_CFLAGS = "-Wreorder";
				ZERO_LINK = NO;
			};
			name = Release;
		};
		F0B8ACCCA9876C64E6E491B5 = {
			isa = PBXTargetDependency;
			target = EA322406C9DF483D404E4CCA;
		};
		488E77B27C8A24395952CFF7 = {
			isa = XCConfigurationList;
			buildConfigurations = (
				CCFA8000CCCE1424C058864D,
				BAE9DA0E676B0D4CCAD62BA1,
			);
			defaultConfigurationIsVisible = 0;
			defaultConfigurationName = Debug;
		};
		042393259CB1A024B7FFF09C = {
			isa = XCConfigurationList;
			buildConfigurations = (
				8641AB9A159F4042AF83968D,
				6DC933AAC06057874A8BA7AA,
			);
			defaultConfigurationIsVisible = 0;
			defaultConfigurationName = Debug;
		};
		B6AC63DCC77EAABFB03D23D1 = {
			isa = PBXResourcesBuildPhase;
			buildActionMask = 2147483647;
			files = (
				CA1CB1874081E98C0A5E1C0A,
			);
			runOnlyForDeploymentPostprocessing = 0;
		};
		83628095A086F3E0CEF1941A = {
			isa = PBXSourcesBuildPhase;
			buildActionMask = 2147483647;
			files = (
				A6C29CC4447DA36126170444,
				4EBA5EE0E3CFB938334E8EB2,
				F8D5453BD294C89E7A77DDCC,
				147D3BD6F855881298371FD9,
				7784F12FD5B8B014D122AB69,
				AA1ED20FCD047378C37F965A,
				7BD888C3A2146A38E2CCDF8B,
				52380C29DEF82A8823E8613F,
				FD056ADC8C8A6D03890F7CB3,
				F1D89C687B5789BDBA80A576,
				CD64981F341B9658FD4F55DC,
				AE0C4882194EDB96BD959D60,
				091FBD7DD354E9668766E2FD,
				6E1E5E4C0B06BE2225434405,
				00B98269A8DCF4ABB6BC67F0,
			);
			runOnlyForDeploymentPostprocessing = 0;
		};
		99EF9247EB61953139B635E4 = {
			isa = PBXFrameworksBuildPhase;
			buildActionMask = 2147483647;
			files = (
				B7852A4EEDD75AAC1DC09496,
				A827CC64E7EE50C857FE4329,
				B64D1BA53454FEF3023AE031,
				7F3FB0CB88321EB4B696A014,
				9727709C1981BD064043676C,
				95272D1694E33A43EC0B1E30,
				DA728BE17B7568E1CD7FE957,
				8B3F8F0B8E1107F87690ED38,
				B8422C06E774CFEA27728F8E,
				F8563D0096AA0E52648EBF31,
				3A556103F078FB967CF2E4C5,
				1664E2671C69C4CB83EF9BDC,
			);
			runOnlyForDeploymentPostprocessing = 0;
		};
		EA322406C9DF483D404E4CCA = {
			isa = PBXNativeTarget;
			buildConfigurationList = 042393259CB1A024B7FFF09C;
			buildPhases = (
				B6AC63DCC77EAABFB03D23D1,
				83628095A086F3E0CEF1941A,
				99EF9247EB61953139B635E4,
			);
			buildRules = ( );
			dependencies = ( );
			name = "FlipBench - App";
			productName = FlipBench;
			productReference = 1624A8F53B0014C310B0FCD6;
			productType = "com.apple.product-type.application";
		};
		79ED60B2823394B0000FD7E7 = {
			isa = PBXProject;
			buildConfigurationList = 488E77B27C8A24395952CFF7;
			attributes = { LastUpgradeCheck = 1100; ORGANIZATIONNAME = ""; TargetAttributes = { EA322406C9DF483D404E4CCA = { SystemCapabilities = {com.apple.ApplicationGroups.iOS = { enabled = 0; }; com.apple.InAppPurchase = { enabled = 0; }; com.apple.InterAppAudio = { enabled = 0; }; com.apple.Push = { enabled = 0; }; com.apple.Sandbox = { enabled = 0; }; com.apple.HardenedRuntime = { enabled = 0; }; }; }; }; };
			compatibilityVersion = "Xcode 3.2";
			hasScannedForEncodings = 0;
			mainGroup = 494F31528A1CD67AE99D24E4;
			projectDirPath = "";
			projectRoot = "";
			targets = (EA322406C9DF483D404E4CCA);
			knownRegions = (en, Base);
		};
	};
	rootObject = 79ED60B2823394B0000FD7E7;
}
